// !$*UTF8*$!
{
	archiveVersion = 1;
	classes = {
	};
	objectVersion = 50;
	objects = {

/* Begin PBXBuildFile section */
		C1CC2AE40A9EBF83A876C19A /* Pods_Pixel_City.framework in Frameworks */ = {isa = PBXBuildFile; fileRef = 212D7F42B62E305BB8B7262B /* Pods_Pixel_City.framework */; };
		F705AEA4225B1D1E00B5734C /* Constants.swift in Sources */ = {isa = PBXBuildFile; fileRef = F705AEA3225B1D1E00B5734C /* Constants.swift */; };
		F7067272225A844F006DE1B9 /* PhotoCell.swift in Sources */ = {isa = PBXBuildFile; fileRef = F7067271225A844F006DE1B9 /* PhotoCell.swift */; };
		F71D94F9225682C10001B5F5 /* AppDelegate.swift in Sources */ = {isa = PBXBuildFile; fileRef = F71D94F8225682C10001B5F5 /* AppDelegate.swift */; };
		F71D94FB225682C10001B5F5 /* MapVC.swift in Sources */ = {isa = PBXBuildFile; fileRef = F71D94FA225682C10001B5F5 /* MapVC.swift */; };
		F71D94FE225682C10001B5F5 /* Main.storyboard in Resources */ = {isa = PBXBuildFile; fileRef = F71D94FC225682C10001B5F5 /* Main.storyboard */; };
		F71D9500225682C20001B5F5 /* Assets.xcassets in Resources */ = {isa = PBXBuildFile; fileRef = F71D94FF225682C20001B5F5 /* Assets.xcassets */; };
		F71D9503225682C20001B5F5 /* LaunchScreen.storyboard in Resources */ = {isa = PBXBuildFile; fileRef = F71D9501225682C20001B5F5 /* LaunchScreen.storyboard */; };
		F79046C32257D34300606A65 /* DroppablePin.swift in Sources */ = {isa = PBXBuildFile; fileRef = F79046C22257D34300606A65 /* DroppablePin.swift */; };
/* End PBXBuildFile section */

/* Begin PBXFileReference section */
		212D7F42B62E305BB8B7262B /* Pods_Pixel_City.framework */ = {isa = PBXFileReference; explicitFileType = wrapper.framework; includeInIndex = 0; path = Pods_Pixel_City.framework; sourceTree = BUILT_PRODUCTS_DIR; };
		40E076C0E5E6384241EEDB98 /* Pods-Pixel City.debug.xcconfig */ = {isa = PBXFileReference; includeInIndex = 1; lastKnownFileType = text.xcconfig; name = "Pods-Pixel City.debug.xcconfig"; path = "Pods/Target Support Files/Pods-Pixel City/Pods-Pixel City.debug.xcconfig"; sourceTree = "<group>"; };
		562B5478BAC34399EF3EA3F6 /* Pods-Pixel City.release.xcconfig */ = {isa = PBXFileReference; includeInIndex = 1; lastKnownFileType = text.xcconfig; name = "Pods-Pixel City.release.xcconfig"; path = "Pods/Target Support Files/Pods-Pixel City/Pods-Pixel City.release.xcconfig"; sourceTree = "<group>"; };
		F705AEA3225B1D1E00B5734C /* Constants.swift */ = {isa = PBXFileReference; lastKnownFileType = sourcecode.swift; path = Constants.swift; sourceTree = "<group>"; };
		F7067271225A844F006DE1B9 /* PhotoCell.swift */ = {isa = PBXFileReference; lastKnownFileType = sourcecode.swift; path = PhotoCell.swift; sourceTree = "<group>"; };
		F71D94F5225682C10001B5F5 /* Pixel City.app */ = {isa = PBXFileReference; explicitFileType = wrapper.application; includeInIndex = 0; path = "Pixel City.app"; sourceTree = BUILT_PRODUCTS_DIR; };
		F71D94F8225682C10001B5F5 /* AppDelegate.swift */ = {isa = PBXFileReference; lastKnownFileType = sourcecode.swift; path = AppDelegate.swift; sourceTree = "<group>"; };
		F71D94FA225682C10001B5F5 /* MapVC.swift */ = {isa = PBXFileReference; lastKnownFileType = sourcecode.swift; path = MapVC.swift; sourceTree = "<group>"; };
		F71D94FD225682C10001B5F5 /* Base */ = {isa = PBXFileReference; lastKnownFileType = file.storyboard; name = Base; path = Base.lproj/Main.storyboard; sourceTree = "<group>"; };
		F71D94FF225682C20001B5F5 /* Assets.xcassets */ = {isa = PBXFileReference; lastKnownFileType = folder.assetcatalog; path = Assets.xcassets; sourceTree = "<group>"; };
		F71D9502225682C20001B5F5 /* Base */ = {isa = PBXFileReference; lastKnownFileType = file.storyboard; name = Base; path = Base.lproj/LaunchScreen.storyboard; sourceTree = "<group>"; };
		F71D9504225682C20001B5F5 /* Info.plist */ = {isa = PBXFileReference; lastKnownFileType = text.plist.xml; path = Info.plist; sourceTree = "<group>"; };
		F79046C22257D34300606A65 /* DroppablePin.swift */ = {isa = PBXFileReference; lastKnownFileType = sourcecode.swift; path = DroppablePin.swift; sourceTree = "<group>"; };
/* End PBXFileReference section */

/* Begin PBXFrameworksBuildPhase section */
		F71D94F2225682C10001B5F5 /* Frameworks */ = {
			isa = PBXFrameworksBuildPhase;
			buildActionMask = 2147483647;
			files = (
				C1CC2AE40A9EBF83A876C19A /* Pods_Pixel_City.framework in Frameworks */,
			);
			runOnlyForDeploymentPostprocessing = 0;
		};
/* End PBXFrameworksBuildPhase section */

/* Begin PBXGroup section */
		999985BFC24C8B4AD984C973 /* Pods */ = {
			isa = PBXGroup;
			children = (
				40E076C0E5E6384241EEDB98 /* Pods-Pixel City.debug.xcconfig */,
				562B5478BAC34399EF3EA3F6 /* Pods-Pixel City.release.xcconfig */,
			);
			name = Pods;
			sourceTree = "<group>";
		};
		F71D94EC225682C10001B5F5 = {
			isa = PBXGroup;
			children = (
				F71D94F7225682C10001B5F5 /* Pixel City */,
				F71D94F6225682C10001B5F5 /* Products */,
				999985BFC24C8B4AD984C973 /* Pods */,
				F8E96C5B5C62721BD79F9B0E /* Frameworks */,
			);
			sourceTree = "<group>";
		};
		F71D94F6225682C10001B5F5 /* Products */ = {
			isa = PBXGroup;
			children = (
				F71D94F5225682C10001B5F5 /* Pixel City.app */,
			);
			name = Products;
			sourceTree = "<group>";
		};
		F71D94F7225682C10001B5F5 /* Pixel City */ = {
			isa = PBXGroup;
			children = (
				F71D950D2256830F0001B5F5 /* Extentions */,
				F71D950C225682E30001B5F5 /* Utilities */,
				F71D950B225682D90001B5F5 /* View */,
				F71D950A225682CA0001B5F5 /* Controller */,
				F71D94F8225682C10001B5F5 /* AppDelegate.swift */,
				F71D94FC225682C10001B5F5 /* Main.storyboard */,
				F71D94FF225682C20001B5F5 /* Assets.xcassets */,
				F71D9501225682C20001B5F5 /* LaunchScreen.storyboard */,
				F71D9504225682C20001B5F5 /* Info.plist */,
			);
			path = "Pixel City";
			sourceTree = "<group>";
		};
		F71D950A225682CA0001B5F5 /* Controller */ = {
			isa = PBXGroup;
			children = (
				F71D94FA225682C10001B5F5 /* MapVC.swift */,
			);
			path = Controller;
			sourceTree = "<group>";
		};
		F71D950B225682D90001B5F5 /* View */ = {
			isa = PBXGroup;
			children = (
				F79046C22257D34300606A65 /* DroppablePin.swift */,
				F7067271225A844F006DE1B9 /* PhotoCell.swift */,
			);
			path = View;
			sourceTree = "<group>";
		};
		F71D950C225682E30001B5F5 /* Utilities */ = {
			isa = PBXGroup;
			children = (
				F705AEA3225B1D1E00B5734C /* Constants.swift */,
			);
			path = Utilities;
			sourceTree = "<group>";
		};
		F71D950D2256830F0001B5F5 /* Extentions */ = {
			isa = PBXGroup;
			children = (
			);
			path = Extentions;
			sourceTree = "<group>";
		};
		F8E96C5B5C62721BD79F9B0E /* Frameworks */ = {
			isa = PBXGroup;
			children = (
				212D7F42B62E305BB8B7262B /* Pods_Pixel_City.framework */,
			);
			name = Frameworks;
			sourceTree = "<group>";
		};
/* End PBXGroup section */

/* Begin PBXNativeTarget section */
		F71D94F4225682C10001B5F5 /* Pixel City */ = {
			isa = PBXNativeTarget;
			buildConfigurationList = F71D9507225682C20001B5F5 /* Build configuration list for PBXNativeTarget "Pixel City" */;
			buildPhases = (
				F2AC9CD76291B8101A460623 /* [CP] Check Pods Manifest.lock */,
				F71D94F1225682C10001B5F5 /* Sources */,
				F71D94F2225682C10001B5F5 /* Frameworks */,
				F71D94F3225682C10001B5F5 /* Resources */,
				52AC5EF4F3243243615D19F0 /* [CP] Embed Pods Frameworks */,
			);
			buildRules = (
			);
			dependencies = (
			);
			name = "Pixel City";
			productName = "Pixel City";
			productReference = F71D94F5225682C10001B5F5 /* Pixel City.app */;
			productType = "com.apple.product-type.application";
		};
/* End PBXNativeTarget section */

/* Begin PBXProject section */
		F71D94ED225682C10001B5F5 /* Project object */ = {
			isa = PBXProject;
			attributes = {
				LastSwiftUpdateCheck = 1020;
				LastUpgradeCheck = 1020;
				ORGANIZATIONNAME = "Jai Nijhawan";
				TargetAttributes = {
					F71D94F4225682C10001B5F5 = {
						CreatedOnToolsVersion = 10.2;
					};
				};
			};
			buildConfigurationList = F71D94F0225682C10001B5F5 /* Build configuration list for PBXProject "Pixel City" */;
			compatibilityVersion = "Xcode 9.3";
			developmentRegion = en;
			hasScannedForEncodings = 0;
			knownRegions = (
				en,
				Base,
			);
			mainGroup = F71D94EC225682C10001B5F5;
			productRefGroup = F71D94F6225682C10001B5F5 /* Products */;
			projectDirPath = "";
			projectRoot = "";
			targets = (
				F71D94F4225682C10001B5F5 /* Pixel City */,
			);
		};
/* End PBXProject section */

/* Begin PBXResourcesBuildPhase section */
		F71D94F3225682C10001B5F5 /* Resources */ = {
			isa = PBXResourcesBuildPhase;
			buildActionMask = 2147483647;
			files = (
				F71D9503225682C20001B5F5 /* LaunchScreen.storyboard in Resources */,
				F71D9500225682C20001B5F5 /* Assets.xcassets in Resources */,
				F71D94FE225682C10001B5F5 /* Main.storyboard in Resources */,
			);
			runOnlyForDeploymentPostprocessing = 0;
		};
/* End PBXResourcesBuildPhase section */

/* Begin PBXShellScriptBuildPhase section */
		52AC5EF4F3243243615D19F0 /* [CP] Embed Pods Frameworks */ = {
			isa = PBXShellScriptBuildPhase;
			buildActionMask = 2147483647;
			files = (
			);
			inputPaths = (
				"${SRCROOT}/Pods/Target Support Files/Pods-Pixel City/Pods-Pixel City-frameworks.sh",
				"${BUILT_PRODUCTS_DIR}/Alamofire/Alamofire.framework",
				"${BUILT_PRODUCTS_DIR}/AlamofireImage/AlamofireImage.framework",
			);
			name = "[CP] Embed Pods Frameworks";
			outputPaths = (
				"${TARGET_BUILD_DIR}/${FRAMEWORKS_FOLDER_PATH}/Alamofire.framework",
				"${TARGET_BUILD_DIR}/${FRAMEWORKS_FOLDER_PATH}/AlamofireImage.framework",
			);
			runOnlyForDeploymentPostprocessing = 0;
			shellPath = /bin/sh;
			shellScript = "\"${SRCROOT}/Pods/Target Support Files/Pods-Pixel City/Pods-Pixel City-frameworks.sh\"\n";
			showEnvVarsInLog = 0;
		};
		F2AC9CD76291B8101A460623 /* [CP] Check Pods Manifest.lock */ = {
			isa = PBXShellScriptBuildPhase;
			buildActionMask = 2147483647;
			files = (
			);
			inputPaths = (
				"${PODS_PODFILE_DIR_PATH}/Podfile.lock",
				"${PODS_ROOT}/Manifest.lock",
			);
			name = "[CP] Check Pods Manifest.lock";
			outputPaths = (
				"$(DERIVED_FILE_DIR)/Pods-Pixel City-checkManifestLockResult.txt",
			);
			runOnlyForDeploymentPostprocessing = 0;
			shellPath = /bin/sh;
			shellScript = "diff \"${PODS_PODFILE_DIR_PATH}/Podfile.lock\" \"${PODS_ROOT}/Manifest.lock\" > /dev/null\nif [ $? != 0 ] ; then\n    # print error to STDERR\n    echo \"error: The sandbox is not in sync with the Podfile.lock. Run 'pod install' or update your CocoaPods installation.\" >&2\n    exit 1\nfi\n# This output is used by Xcode 'outputs' to avoid re-running this script phase.\necho \"SUCCESS\" > \"${SCRIPT_OUTPUT_FILE_0}\"\n";
			showEnvVarsInLog = 0;
		};
/* End PBXShellScriptBuildPhase section */

/* Begin PBXSourcesBuildPhase section */
		F71D94F1225682C10001B5F5 /* Sources */ = {
			isa = PBXSourcesBuildPhase;
			buildActionMask = 2147483647;
			files = (
				F705AEA4225B1D1E00B5734C /* Constants.swift in Sources */,
				F7067272225A844F006DE1B9 /* PhotoCell.swift in Sources */,
				F71D94FB225682C10001B5F5 /* MapVC.swift in Sources */,
				F79046C32257D34300606A65 /* DroppablePin.swift in Sources */,
				F71D94F9225682C10001B5F5 /* AppDelegate.swift in Sources */,
			);
			runOnlyForDeploymentPostprocessing = 0;
		};
/* End PBXSourcesBuildPhase section */

/* Begin PBXVariantGroup section */
		F71D94FC225682C10001B5F5 /* Main.storyboard */ = {
			isa = PBXVariantGroup;
			children = (
				F71D94FD225682C10001B5F5 /* Base */,
			);
			name = Main.storyboard;
			sourceTree = "<group>";
		};
		F71D9501225682C20001B5F5 /* LaunchScreen.storyboard */ = {
			isa = PBXVariantGroup;
			children = (
				F71D9502225682C20001B5F5 /* Base */,
			);
			name = LaunchScreen.storyboard;
			sourceTree = "<group>";
		};
/* End PBXVariantGroup section */

/* Begin XCBuildConfiguration section */
		F71D9505225682C20001B5F5 /* Debug */ = {
			isa = XCBuildConfiguration;
			buildSettings = {
				ALWAYS_SEARCH_USER_PATHS = NO;
				CLANG_ANALYZER_NONNULL = YES;
				CLANG_ANALYZER_NUMBER_OBJECT_CONVERSION = YES_AGGRESSIVE;
				CLANG_CXX_LANGUAGE_STANDARD = "gnu++14";
				CLANG_CXX_LIBRARY = "libc++";
				CLANG_ENABLE_MODULES = YES;
				CLANG_ENABLE_OBJC_ARC = YES;
				CLANG_ENABLE_OBJC_WEAK = YES;
				CLANG_WARN_BLOCK_CAPTURE_AUTORELEASING = YES;
				CLANG_WARN_BOOL_CONVERSION = YES;
				CLANG_WARN_COMMA = YES;
				CLANG_WARN_CONSTANT_CONVERSION = YES;
				CLANG_WARN_DEPRECATED_OBJC_IMPLEMENTATIONS = YES;
				CLANG_WARN_DIRECT_OBJC_ISA_USAGE = YES_ERROR;
				CLANG_WARN_DOCUMENTATION_COMMENTS = YES;
				CLANG_WARN_EMPTY_BODY = YES;
				CLANG_WARN_ENUM_CONVERSION = YES;
				CLANG_WARN_INFINITE_RECURSION = YES;
				CLANG_WARN_INT_CONVERSION = YES;
				CLANG_WARN_NON_LITERAL_NULL_CONVERSION = YES;
				CLANG_WARN_OBJC_IMPLICIT_RETAIN_SELF = YES;
				CLANG_WARN_OBJC_LITERAL_CONVERSION = YES;
				CLANG_WARN_OBJC_ROOT_CLASS = YES_ERROR;
				CLANG_WARN_RANGE_LOOP_ANALYSIS = YES;
				CLANG_WARN_STRICT_PROTOTYPES = YES;
				CLANG_WARN_SUSPICIOUS_MOVE = YES;
				CLANG_WARN_UNGUARDED_AVAILABILITY = YES_AGGRESSIVE;
				CLANG_WARN_UNREACHABLE_CODE = YES;
				CLANG_WARN__DUPLICATE_METHOD_MATCH = YES;
				CODE_SIGN_IDENTITY = "iPhone Developer";
				COPY_PHASE_STRIP = NO;
				DEBUG_INFORMATION_FORMAT = dwarf;
				ENABLE_STRICT_OBJC_MSGSEND = YES;
				ENABLE_TESTABILITY = YES;
				GCC_C_LANGUAGE_STANDARD = gnu11;
				GCC_DYNAMIC_NO_PIC = NO;
				GCC_NO_COMMON_BLOCKS = YES;
				GCC_OPTIMIZATION_LEVEL = 0;
				GCC_PREPROCESSOR_DEFINITIONS = (
					"DEBUG=1",
					"$(inherited)",
				);
				GCC_WARN_64_TO_32_BIT_CONVERSION = YES;
				GCC_WARN_ABOUT_RETURN_TYPE = YES_ERROR;
				GCC_WARN_UNDECLARED_SELECTOR = YES;
				GCC_WARN_UNINITIALIZED_AUTOS = YES_AGGRESSIVE;
				GCC_WARN_UNUSED_FUNCTION = YES;
				GCC_WARN_UNUSED_VARIABLE = YES;
				IPHONEOS_DEPLOYMENT_TARGET = 12.2;
				MTL_ENABLE_DEBUG_INFO = INCLUDE_SOURCE;
				MTL_FAST_MATH = YES;
				ONLY_ACTIVE_ARCH = YES;
				SDKROOT = iphoneos;
				SWIFT_ACTIVE_COMPILATION_CONDITIONS = DEBUG;
				SWIFT_OPTIMIZATION_LEVEL = "-Onone";
			};
			name = Debug;
		};
		F71D9506225682C20001B5F5 /* Release */ = {
			isa = XCBuildConfiguration;
			buildSettings = {
				ALWAYS_SEARCH_USER_PATHS = NO;
				CLANG_ANALYZER_NONNULL = YES;
				CLANG_ANALYZER_NUMBER_OBJECT_CONVERSION = YES_AGGRESSIVE;
				CLANG_CXX_LANGUAGE_STANDARD = "gnu++14";
				CLANG_CXX_LIBRARY = "libc++";
				CLANG_ENABLE_MODULES = YES;
				CLANG_ENABLE_OBJC_ARC = YES;
				CLANG_ENABLE_OBJC_WEAK = YES;
				CLANG_WARN_BLOCK_CAPTURE_AUTORELEASING = YES;
				CLANG_WARN_BOOL_CONVERSION = YES;
				CLANG_WARN_COMMA = YES;
				CLANG_WARN_CONSTANT_CONVERSION = YES;
				CLANG_WARN_DEPRECATED_OBJC_IMPLEMENTATIONS = YES;
				CLANG_WARN_DIRECT_OBJC_ISA_USAGE = YES_ERROR;
				CLANG_WARN_DOCUMENTATION_COMMENTS = YES;
				CLANG_WARN_EMPTY_BODY = YES;
				CLANG_WARN_ENUM_CONVERSION = YES;
				CLANG_WARN_INFINITE_RECURSION = YES;
				CLANG_WARN_INT_CONVERSION = YES;
				CLANG_WARN_NON_LITERAL_NULL_CONVERSION = YES;
				CLANG_WARN_OBJC_IMPLICIT_RETAIN_SELF = YES;
				CLANG_WARN_OBJC_LITERAL_CONVERSION = YES;
				CLANG_WARN_OBJC_ROOT_CLASS = YES_ERROR;
				CLANG_WARN_RANGE_LOOP_ANALYSIS = YES;
				CLANG_WARN_STRICT_PROTOTYPES = YES;
				CLANG_WARN_SUSPICIOUS_MOVE = YES;
				CLANG_WARN_UNGUARDED_AVAILABILITY = YES_AGGRESSIVE;
				CLANG_WARN_UNREACHABLE_CODE = YES;
				CLANG_WARN__DUPLICATE_METHOD_MATCH = YES;
				CODE_SIGN_IDENTITY = "iPhone Developer";
				COPY_PHASE_STRIP = NO;
				DEBUG_INFORMATION_FORMAT = "dwarf-with-dsym";
				ENABLE_NS_ASSERTIONS = NO;
				ENABLE_STRICT_OBJC_MSGSEND = YES;
				GCC_C_LANGUAGE_STANDARD = gnu11;
				GCC_NO_COMMON_BLOCKS = YES;
				GCC_WARN_64_TO_32_BIT_CONVERSION = YES;
				GCC_WARN_ABOUT_RETURN_TYPE = YES_ERROR;
				GCC_WARN_UNDECLARED_SELECTOR = YES;
				GCC_WARN_UNINITIALIZED_AUTOS = YES_AGGRESSIVE;
				GCC_WARN_UNUSED_FUNCTION = YES;
				GCC_WARN_UNUSED_VARIABLE = YES;
				IPHONEOS_DEPLOYMENT_TARGET = 12.2;
				MTL_ENABLE_DEBUG_INFO = NO;
				MTL_FAST_MATH = YES;
				SDKROOT = iphoneos;
				SWIFT_COMPILATION_MODE = wholemodule;
				SWIFT_OPTIMIZATION_LEVEL = "-O";
				VALIDATE_PRODUCT = YES;
			};
			name = Release;
		};
		F71D9508225682C20001B5F5 /* Debug */ = {
			isa = XCBuildConfiguration;
			baseConfigurationReference = 40E076C0E5E6384241EEDB98 /* Pods-Pixel City.debug.xcconfig */;
			buildSettings = {
				ASSETCATALOG_COMPILER_APPICON_NAME = AppIcon;
				CODE_SIGN_STYLE = Automatic;
				DEVELOPMENT_TEAM = 989RW99APU;
				INFOPLIST_FILE = "Pixel City/Info.plist";
				LD_RUNPATH_SEARCH_PATHS = (
					"$(inherited)",
					"@executable_path/Frameworks",
				);
				PRODUCT_BUNDLE_IDENTIFIER = "JainNjhawan.Pixel-City";
				PRODUCT_NAME = "$(TARGET_NAME)";
				SWIFT_VERSION = 5.0;
				TARGETED_DEVICE_FAMILY = "1,2";
			};
			name = Debug;
		};
		F71D9509225682C20001B5F5 /* Release */ = {
			isa = XCBuildConfiguration;
			baseConfigurationReference = 562B5478BAC34399EF3EA3F6 /* Pods-Pixel City.release.xcconfig */;
			buildSettings = {
				ASSETCATALOG_COMPILER_APPICON_NAME = AppIcon;
				CODE_SIGN_STYLE = Automatic;
				DEVELOPMENT_TEAM = 989RW99APU;
				INFOPLIST_FILE = "Pixel City/Info.plist";
				LD_RUNPATH_SEARCH_PATHS = (
					"$(inherited)",
					"@executable_path/Frameworks",
				);
				PRODUCT_BUNDLE_IDENTIFIER = "JainNjhawan.Pixel-City";
				PRODUCT_NAME = "$(TARGET_NAME)";
				SWIFT_VERSION = 5.0;
				TARGETED_DEVICE_FAMILY = "1,2";
			};
			name = Release;
		};
/* End XCBuildConfiguration section */

/* Begin XCConfigurationList section */
		F71D94F0225682C10001B5F5 /* Build configuration list for PBXProject "Pixel City" */ = {
			isa = XCConfigurationList;
			buildConfigurations = (
				F71D9505225682C20001B5F5 /* Debug */,
				F71D9506225682C20001B5F5 /* Release */,
			);
			defaultConfigurationIsVisible = 0;
			defaultConfigurationName = Release;
		};
		F71D9507225682C20001B5F5 /* Build configuration list for PBXNativeTarget "Pixel City" */ = {
			isa = XCConfigurationList;
			buildConfigurations = (
				F71D9508225682C20001B5F5 /* Debug */,
				F71D9509225682C20001B5F5 /* Release */,
			);
			defaultConfigurationIsVisible = 0;
			defaultConfigurationName = Release;
		};
/* End XCConfigurationList section */
	};
	rootObject = F71D94ED225682C10001B5F5 /* Project object */;
}
